
Microsoft Visual Studio Solution File, Format Version 12.00
# Visual Studio Version 16
VisualStudioVersion = 16.0.30320.27
MinimumVisualStudioVersion = 10.0.40219.1
Project("{FAE04EC0-301F-11D3-BF4B-00C04F79EFBC}") = "CoffeeApp", "Coffee\CoffeeApp.csproj", "{BDB38F40-DE2B-40C9-8E69-98BC58CD5B9F}"
EndProject
Global
	GlobalSection(SolutionConfigurationPlatforms) = preSolution
		Debug|Any CPU = Debug|Any CPU
		Release|Any CPU = Release|Any CPU
	EndGlobalSection
	GlobalSection(ProjectConfigurationPlatforms) = postSolution
		{BDB38F40-DE2B-40C9-8E69-98BC58CD5B9F}.Debug|Any CPU.ActiveCfg = Debug|Any CPU
		{BDB38F40-DE2B-40C9-8E69-98BC58CD5B9F}.Debug|Any CPU.Build.0 = Debug|Any CPU
		{BDB38F40-DE2B-40C9-8E69-98BC58CD5B9F}.Release|Any CPU.ActiveCfg = Release|Any CPU
		{BDB38F40-DE2B-40C9-8E69-98BC58CD5B9F}.Release|Any CPU.Build.0 = Release|Any CPU
	EndGlobalSection
	GlobalSection(SolutionProperties) = preSolution
		HideSolutionNode = FALSE
	EndGlobalSection
	GlobalSection(ExtensibilityGlobals) = postSolution
		SolutionGuid = {B7DABD0B-1814-423B-9910-A7E9F20FFA22}
	EndGlobalSection
EndGlobal
